
Microsoft Visual Studio Solution File, Format Version 12.00
# Visual Studio Version 16
VisualStudioVersion = 16.0.33130.400
MinimumVisualStudioVersion = 10.0.40219.1
Project("{FAE04EC0-301F-11D3-BF4B-00C04F79EFBC}") = "FinalPrepMission6And7CRUD", "FinalPrepMission6And7CRUD\FinalPrepMission6And7CRUD.csproj", "{5B22D726-934C-4EE2-BA92-6F850C1057E7}"
EndProject
Global
	GlobalSection(SolutionConfigurationPlatforms) = preSolution
		Debug|Any CPU = Debug|Any CPU
		Release|Any CPU = Release|Any CPU
	EndGlobalSection
	GlobalSection(ProjectConfigurationPlatforms) = postSolution
		{5B22D726-934C-4EE2-BA92-6F850C1057E7}.Debug|Any CPU.ActiveCfg = Debug|Any CPU
		{5B22D726-934C-4EE2-BA92-6F850C1057E7}.Debug|Any CPU.Build.0 = Debug|Any CPU
		{5B22D726-934C-4EE2-BA92-6F850C1057E7}.Release|Any CPU.ActiveCfg = Release|Any CPU
		{5B22D726-934C-4EE2-BA92-6F850C1057E7}.Release|Any CPU.Build.0 = Release|Any CPU
	EndGlobalSection
	GlobalSection(SolutionProperties) = preSolution
		HideSolutionNode = FALSE
	EndGlobalSection
	GlobalSection(ExtensibilityGlobals) = postSolution
		SolutionGuid = {378C9491-07E3-40EC-80CD-56B16A974401}
	EndGlobalSection
EndGlobal
